<?xml version="1.0" encoding="UTF-8" standalone="yes" ?>
<CodeBlocks_project_file>
	<FileVersion major="1" minor="6" />
	<Project>
		<Option title="compilar" />
		<Option pch_mode="2" />
		<Option compiler="gcc" />
		<Build>
			<Target title="Debug">
				<Option output="bin/Debug/compilar" prefix_auto="1" extension_auto="1" />
				<Option working_dir="" />
				<Option object_output="obj/Debug/" />
				<Option type="2" />
				<Option compiler="gcc" />
				<Option createDefFile="1" />
				<Compiler>
					<Add option="-Wall" />
					<Add option="-g" />
					<Add directory="../../sqlite-autoconf-3280000" />
				</Compiler>
				<Linker>
					<Add library="../libcompilar.a" />
					<Add directory="../../sqlite-autoconf-3280000" />
				</Linker>
			</Target>
			<Target title="Release">
				<Option output="bin/Release/compilar" prefix_auto="1" extension_auto="1" />
				<Option working_dir="" />
				<Option object_output="obj/Release/" />
				<Option type="2" />
				<Option compiler="gcc" />
				<Option createDefFile="1" />
				<Compiler>
					<Add option="-Wall" />
					<Add option="-O2" />
				</Compiler>
				<Linker>
					<Add option="-s" />
				</Linker>
			</Target>
		</Build>
		<Unit filename="../INSTALL" />
		<Unit filename="../Makefile.am" />
		<Unit filename="../Makefile.fallback" />
		<Unit filename="../Makefile.in" />
		<Unit filename="../Makefile.msc" />
		<Unit filename="../README.txt" />
		<Unit filename="../Replace.cs" />
		<Unit filename="../aclocal.m4" />
		<Unit filename="../compile" />
		<Unit filename="../config.guess" />
		<Unit filename="../config.sub" />
		<Unit filename="../configure" />
		<Unit filename="../configure.ac" />
		<Unit filename="../depcomp" />
		<Unit filename="../install-sh" />
		<Unit filename="../ltmain.sh" />
		<Unit filename="../missing" />
		<Unit filename="../shell.c">
			<Option compilerVar="CC" />
		</Unit>
		<Unit filename="../sqlite3.1" />
		<Unit filename="../sqlite3.c">
			<Option compilerVar="CC" />
		</Unit>
		<Unit filename="../sqlite3.dll" />
		<Unit filename="../sqlite3.h" />
		<Unit filename="../sqlite3.pc.in" />
		<Unit filename="../sqlite3ext.h" />
		<Unit filename="main.c">
			<Option compilerVar="CC" />
		</Unit>
		<Extensions>
			<code_completion />
			<envvars />
			<debugger />
			<lib_finder disable_auto="1" />
		</Extensions>
	</Project>
</CodeBlocks_project_file>
